// !$*UTF8*$!
{
	archiveVersion = 1;
	classes = {
	};
	objectVersion = 56;
	objects = {

/* Begin PBXBuildFile section */
		8ECA6DFE2C85793F009CDFAA /* SwiftUIPracticeApp.swift in Sources */ = {isa = PBXBuildFile; fileRef = 8ECA6DFD2C85793F009CDFAA /* SwiftUIPracticeApp.swift */; };
		8ECA6E002C85793F009CDFAA /* ContentView.swift in Sources */ = {isa = PBXBuildFile; fileRef = 8ECA6DFF2C85793F009CDFAA /* ContentView.swift */; };
		8ECA6E022C857942009CDFAA /* Assets.xcassets in Resources */ = {isa = PBXBuildFile; fileRef = 8ECA6E012C857942009CDFAA /* Assets.xcassets */; };
		8ECA6E052C857942009CDFAA /* Preview Assets.xcassets in Resources */ = {isa = PBXBuildFile; fileRef = 8ECA6E042C857942009CDFAA /* Preview Assets.xcassets */; };
		8ECA6E102C8579EF009CDFAA /* DoneView.swift in Sources */ = {isa = PBXBuildFile; fileRef = 8ECA6E0F2C8579EF009CDFAA /* DoneView.swift */; };
		8ECA6E122C857A10009CDFAA /* OnBoardView.swift in Sources */ = {isa = PBXBuildFile; fileRef = 8ECA6E112C857A10009CDFAA /* OnBoardView.swift */; };
		8ECA6E142C857D06009CDFAA /* ProfileSettingView.swift in Sources */ = {isa = PBXBuildFile; fileRef = 8ECA6E132C857D06009CDFAA /* ProfileSettingView.swift */; };
		8ECA6E212C86973F009CDFAA /* ProfileImageSettingView.swift in Sources */ = {isa = PBXBuildFile; fileRef = 8ECA6E202C86973F009CDFAA /* ProfileImageSettingView.swift */; };
		8ECA6E302C874B96009CDFAA /* MarketView.swift in Sources */ = {isa = PBXBuildFile; fileRef = 8ECA6E2F2C874B96009CDFAA /* MarketView.swift */; };
		8ECA6E322C874BBB009CDFAA /* Market.swift in Sources */ = {isa = PBXBuildFile; fileRef = 8ECA6E312C874BBB009CDFAA /* Market.swift */; };
/* End PBXBuildFile section */

/* Begin PBXFileReference section */
		8ECA6DFA2C85793F009CDFAA /* SwiftUIPractice.app */ = {isa = PBXFileReference; explicitFileType = wrapper.application; includeInIndex = 0; path = SwiftUIPractice.app; sourceTree = BUILT_PRODUCTS_DIR; };
		8ECA6DFD2C85793F009CDFAA /* SwiftUIPracticeApp.swift */ = {isa = PBXFileReference; lastKnownFileType = sourcecode.swift; path = SwiftUIPracticeApp.swift; sourceTree = "<group>"; };
		8ECA6DFF2C85793F009CDFAA /* ContentView.swift */ = {isa = PBXFileReference; lastKnownFileType = sourcecode.swift; path = ContentView.swift; sourceTree = "<group>"; };
		8ECA6E012C857942009CDFAA /* Assets.xcassets */ = {isa = PBXFileReference; lastKnownFileType = folder.assetcatalog; path = Assets.xcassets; sourceTree = "<group>"; };
		8ECA6E042C857942009CDFAA /* Preview Assets.xcassets */ = {isa = PBXFileReference; lastKnownFileType = folder.assetcatalog; path = "Preview Assets.xcassets"; sourceTree = "<group>"; };
		8ECA6E0F2C8579EF009CDFAA /* DoneView.swift */ = {isa = PBXFileReference; lastKnownFileType = sourcecode.swift; path = DoneView.swift; sourceTree = "<group>"; };
		8ECA6E112C857A10009CDFAA /* OnBoardView.swift */ = {isa = PBXFileReference; lastKnownFileType = sourcecode.swift; path = OnBoardView.swift; sourceTree = "<group>"; };
		8ECA6E132C857D06009CDFAA /* ProfileSettingView.swift */ = {isa = PBXFileReference; lastKnownFileType = sourcecode.swift; path = ProfileSettingView.swift; sourceTree = "<group>"; };
		8ECA6E202C86973F009CDFAA /* ProfileImageSettingView.swift */ = {isa = PBXFileReference; lastKnownFileType = sourcecode.swift; path = ProfileImageSettingView.swift; sourceTree = "<group>"; };
		8ECA6E2F2C874B96009CDFAA /* MarketView.swift */ = {isa = PBXFileReference; lastKnownFileType = sourcecode.swift; path = MarketView.swift; sourceTree = "<group>"; };
		8ECA6E312C874BBB009CDFAA /* Market.swift */ = {isa = PBXFileReference; lastKnownFileType = sourcecode.swift; path = Market.swift; sourceTree = "<group>"; };
/* End PBXFileReference section */

/* Begin PBXFrameworksBuildPhase section */
		8ECA6DF72C85793F009CDFAA /* Frameworks */ = {
			isa = PBXFrameworksBuildPhase;
			buildActionMask = 2147483647;
			files = (
			);
			runOnlyForDeploymentPostprocessing = 0;
		};
/* End PBXFrameworksBuildPhase section */

/* Begin PBXGroup section */
		8ECA6DF12C85793F009CDFAA = {
			isa = PBXGroup;
			children = (
				8ECA6DFC2C85793F009CDFAA /* SwiftUIPractice */,
				8ECA6DFB2C85793F009CDFAA /* Products */,
			);
			sourceTree = "<group>";
		};
		8ECA6DFB2C85793F009CDFAA /* Products */ = {
			isa = PBXGroup;
			children = (
				8ECA6DFA2C85793F009CDFAA /* SwiftUIPractice.app */,
			);
			name = Products;
			sourceTree = "<group>";
		};
		8ECA6DFC2C85793F009CDFAA /* SwiftUIPractice */ = {
			isa = PBXGroup;
			children = (
				8ECA6E2E2C874B80009CDFAA /* MarketView */,
				8ECA6E0E2C8579D8009CDFAA /* ProfileImage */,
				8ECA6E0D2C8579CF009CDFAA /* ProfileSetting */,
				8ECA6E0C2C8579C7009CDFAA /* Done */,
				8ECA6E0B2C85799A009CDFAA /* Onboard */,
				8ECA6DFD2C85793F009CDFAA /* SwiftUIPracticeApp.swift */,
				8ECA6DFF2C85793F009CDFAA /* ContentView.swift */,
				8ECA6E012C857942009CDFAA /* Assets.xcassets */,
				8ECA6E032C857942009CDFAA /* Preview Content */,
			);
			path = SwiftUIPractice;
			sourceTree = "<group>";
		};
		8ECA6E032C857942009CDFAA /* Preview Content */ = {
			isa = PBXGroup;
			children = (
				8ECA6E042C857942009CDFAA /* Preview Assets.xcassets */,
			);
			path = "Preview Content";
			sourceTree = "<group>";
		};
		8ECA6E0B2C85799A009CDFAA /* Onboard */ = {
			isa = PBXGroup;
			children = (
				8ECA6E112C857A10009CDFAA /* OnBoardView.swift */,
			);
			path = Onboard;
			sourceTree = "<group>";
		};
		8ECA6E0C2C8579C7009CDFAA /* Done */ = {
			isa = PBXGroup;
			children = (
				8ECA6E0F2C8579EF009CDFAA /* DoneView.swift */,
			);
			path = Done;
			sourceTree = "<group>";
		};
		8ECA6E0D2C8579CF009CDFAA /* ProfileSetting */ = {
			isa = PBXGroup;
			children = (
				8ECA6E132C857D06009CDFAA /* ProfileSettingView.swift */,
			);
			path = ProfileSetting;
			sourceTree = "<group>";
		};
		8ECA6E0E2C8579D8009CDFAA /* ProfileImage */ = {
			isa = PBXGroup;
			children = (
				8ECA6E202C86973F009CDFAA /* ProfileImageSettingView.swift */,
			);
			path = ProfileImage;
			sourceTree = "<group>";
		};
		8ECA6E2E2C874B80009CDFAA /* MarketView */ = {
			isa = PBXGroup;
			children = (
				8ECA6E2F2C874B96009CDFAA /* MarketView.swift */,
				8ECA6E312C874BBB009CDFAA /* Market.swift */,
			);
			path = MarketView;
			sourceTree = "<group>";
		};
/* End PBXGroup section */

/* Begin PBXNativeTarget section */
		8ECA6DF92C85793F009CDFAA /* SwiftUIPractice */ = {
			isa = PBXNativeTarget;
			buildConfigurationList = 8ECA6E082C857942009CDFAA /* Build configuration list for PBXNativeTarget "SwiftUIPractice" */;
			buildPhases = (
				8ECA6DF62C85793F009CDFAA /* Sources */,
				8ECA6DF72C85793F009CDFAA /* Frameworks */,
				8ECA6DF82C85793F009CDFAA /* Resources */,
			);
			buildRules = (
			);
			dependencies = (
			);
			name = SwiftUIPractice;
			productName = SwiftUIPractice;
			productReference = 8ECA6DFA2C85793F009CDFAA /* SwiftUIPractice.app */;
			productType = "com.apple.product-type.application";
		};
/* End PBXNativeTarget section */

/* Begin PBXProject section */
		8ECA6DF22C85793F009CDFAA /* Project object */ = {
			isa = PBXProject;
			attributes = {
				BuildIndependentTargetsInParallel = 1;
				LastSwiftUpdateCheck = 1540;
				LastUpgradeCheck = 1540;
				TargetAttributes = {
					8ECA6DF92C85793F009CDFAA = {
						CreatedOnToolsVersion = 15.4;
					};
				};
			};
			buildConfigurationList = 8ECA6DF52C85793F009CDFAA /* Build configuration list for PBXProject "SwiftUIPractice" */;
			compatibilityVersion = "Xcode 14.0";
			developmentRegion = en;
			hasScannedForEncodings = 0;
			knownRegions = (
				en,
				Base,
			);
			mainGroup = 8ECA6DF12C85793F009CDFAA;
			productRefGroup = 8ECA6DFB2C85793F009CDFAA /* Products */;
			projectDirPath = "";
			projectRoot = "";
			targets = (
				8ECA6DF92C85793F009CDFAA /* SwiftUIPractice */,
			);
		};
/* End PBXProject section */

/* Begin PBXResourcesBuildPhase section */
		8ECA6DF82C85793F009CDFAA /* Resources */ = {
			isa = PBXResourcesBuildPhase;
			buildActionMask = 2147483647;
			files = (
				8ECA6E052C857942009CDFAA /* Preview Assets.xcassets in Resources */,
				8ECA6E022C857942009CDFAA /* Assets.xcassets in Resources */,
			);
			runOnlyForDeploymentPostprocessing = 0;
		};
/* End PBXResourcesBuildPhase section */

/* Begin PBXSourcesBuildPhase section */
		8ECA6DF62C85793F009CDFAA /* Sources */ = {
			isa = PBXSourcesBuildPhase;
			buildActionMask = 2147483647;
			files = (
				8ECA6E122C857A10009CDFAA /* OnBoardView.swift in Sources */,
				8ECA6E002C85793F009CDFAA /* ContentView.swift in Sources */,
				8ECA6DFE2C85793F009CDFAA /* SwiftUIPracticeApp.swift in Sources */,
				8ECA6E322C874BBB009CDFAA /* Market.swift in Sources */,
				8ECA6E102C8579EF009CDFAA /* DoneView.swift in Sources */,
				8ECA6E142C857D06009CDFAA /* ProfileSettingView.swift in Sources */,
				8ECA6E212C86973F009CDFAA /* ProfileImageSettingView.swift in Sources */,
				8ECA6E302C874B96009CDFAA /* MarketView.swift in Sources */,
			);
			runOnlyForDeploymentPostprocessing = 0;
		};
/* End PBXSourcesBuildPhase section */

/* Begin XCBuildConfiguration section */
		8ECA6E062C857942009CDFAA /* Debug */ = {
			isa = XCBuildConfiguration;
			buildSettings = {
				ALWAYS_SEARCH_USER_PATHS = NO;
				ASSETCATALOG_COMPILER_GENERATE_SWIFT_ASSET_SYMBOL_EXTENSIONS = YES;
				CLANG_ANALYZER_NONNULL = YES;
				CLANG_ANALYZER_NUMBER_OBJECT_CONVERSION = YES_AGGRESSIVE;
				CLANG_CXX_LANGUAGE_STANDARD = "gnu++20";
				CLANG_ENABLE_MODULES = YES;
				CLANG_ENABLE_OBJC_ARC = YES;
				CLANG_ENABLE_OBJC_WEAK = YES;
				CLANG_WARN_BLOCK_CAPTURE_AUTORELEASING = YES;
				CLANG_WARN_BOOL_CONVERSION = YES;
				CLANG_WARN_COMMA = YES;
				CLANG_WARN_CONSTANT_CONVERSION = YES;
				CLANG_WARN_DEPRECATED_OBJC_IMPLEMENTATIONS = YES;
				CLANG_WARN_DIRECT_OBJC_ISA_USAGE = YES_ERROR;
				CLANG_WARN_DOCUMENTATION_COMMENTS = YES;
				CLANG_WARN_EMPTY_BODY = YES;
				CLANG_WARN_ENUM_CONVERSION = YES;
				CLANG_WARN_INFINITE_RECURSION = YES;
				CLANG_WARN_INT_CONVERSION = YES;
				CLANG_WARN_NON_LITERAL_NULL_CONVERSION = YES;
				CLANG_WARN_OBJC_IMPLICIT_RETAIN_SELF = YES;
				CLANG_WARN_OBJC_LITERAL_CONVERSION = YES;
				CLANG_WARN_OBJC_ROOT_CLASS = YES_ERROR;
				CLANG_WARN_QUOTED_INCLUDE_IN_FRAMEWORK_HEADER = YES;
				CLANG_WARN_RANGE_LOOP_ANALYSIS = YES;
				CLANG_WARN_STRICT_PROTOTYPES = YES;
				CLANG_WARN_SUSPICIOUS_MOVE = YES;
				CLANG_WARN_UNGUARDED_AVAILABILITY = YES_AGGRESSIVE;
				CLANG_WARN_UNREACHABLE_CODE = YES;
				CLANG_WARN__DUPLICATE_METHOD_MATCH = YES;
				COPY_PHASE_STRIP = NO;
				DEBUG_INFORMATION_FORMAT = dwarf;
				ENABLE_STRICT_OBJC_MSGSEND = YES;
				ENABLE_TESTABILITY = YES;
				ENABLE_USER_SCRIPT_SANDBOXING = YES;
				GCC_C_LANGUAGE_STANDARD = gnu17;
				GCC_DYNAMIC_NO_PIC = NO;
				GCC_NO_COMMON_BLOCKS = YES;
				GCC_OPTIMIZATION_LEVEL = 0;
				GCC_PREPROCESSOR_DEFINITIONS = (
					"DEBUG=1",
					"$(inherited)",
				);
				GCC_WARN_64_TO_32_BIT_CONVERSION = YES;
				GCC_WARN_ABOUT_RETURN_TYPE = YES_ERROR;
				GCC_WARN_UNDECLARED_SELECTOR = YES;
				GCC_WARN_UNINITIALIZED_AUTOS = YES_AGGRESSIVE;
				GCC_WARN_UNUSED_FUNCTION = YES;
				GCC_WARN_UNUSED_VARIABLE = YES;
				IPHONEOS_DEPLOYMENT_TARGET = 17.5;
				LOCALIZATION_PREFERS_STRING_CATALOGS = YES;
				MTL_ENABLE_DEBUG_INFO = INCLUDE_SOURCE;
				MTL_FAST_MATH = YES;
				ONLY_ACTIVE_ARCH = YES;
				SDKROOT = iphoneos;
				SWIFT_ACTIVE_COMPILATION_CONDITIONS = "DEBUG $(inherited)";
				SWIFT_OPTIMIZATION_LEVEL = "-Onone";
			};
			name = Debug;
		};
		8ECA6E072C857942009CDFAA /* Release */ = {
			isa = XCBuildConfiguration;
			buildSettings = {
				ALWAYS_SEARCH_USER_PATHS = NO;
				ASSETCATALOG_COMPILER_GENERATE_SWIFT_ASSET_SYMBOL_EXTENSIONS = YES;
				CLANG_ANALYZER_NONNULL = YES;
				CLANG_ANALYZER_NUMBER_OBJECT_CONVERSION = YES_AGGRESSIVE;
				CLANG_CXX_LANGUAGE_STANDARD = "gnu++20";
				CLANG_ENABLE_MODULES = YES;
				CLANG_ENABLE_OBJC_ARC = YES;
				CLANG_ENABLE_OBJC_WEAK = YES;
				CLANG_WARN_BLOCK_CAPTURE_AUTORELEASING = YES;
				CLANG_WARN_BOOL_CONVERSION = YES;
				CLANG_WARN_COMMA = YES;
				CLANG_WARN_CONSTANT_CONVERSION = YES;
				CLANG_WARN_DEPRECATED_OBJC_IMPLEMENTATIONS = YES;
				CLANG_WARN_DIRECT_OBJC_ISA_USAGE = YES_ERROR;
				CLANG_WARN_DOCUMENTATION_COMMENTS = YES;
				CLANG_WARN_EMPTY_BODY = YES;
				CLANG_WARN_ENUM_CONVERSION = YES;
				CLANG_WARN_INFINITE_RECURSION = YES;
				CLANG_WARN_INT_CONVERSION = YES;
				CLANG_WARN_NON_LITERAL_NULL_CONVERSION = YES;
				CLANG_WARN_OBJC_IMPLICIT_RETAIN_SELF = YES;
				CLANG_WARN_OBJC_LITERAL_CONVERSION = YES;
				CLANG_WARN_OBJC_ROOT_CLASS = YES_ERROR;
				CLANG_WARN_QUOTED_INCLUDE_IN_FRAMEWORK_HEADER = YES;
				CLANG_WARN_RANGE_LOOP_ANALYSIS = YES;
				CLANG_WARN_STRICT_PROTOTYPES = YES;
				CLANG_WARN_SUSPICIOUS_MOVE = YES;
				CLANG_WARN_UNGUARDED_AVAILABILITY = YES_AGGRESSIVE;
				CLANG_WARN_UNREACHABLE_CODE = YES;
				CLANG_WARN__DUPLICATE_METHOD_MATCH = YES;
				COPY_PHASE_STRIP = NO;
				DEBUG_INFORMATION_FORMAT = "dwarf-with-dsym";
				ENABLE_NS_ASSERTIONS = NO;
				ENABLE_STRICT_OBJC_MSGSEND = YES;
				ENABLE_USER_SCRIPT_SANDBOXING = YES;
				GCC_C_LANGUAGE_STANDARD = gnu17;
				GCC_NO_COMMON_BLOCKS = YES;
				GCC_WARN_64_TO_32_BIT_CONVERSION = YES;
				GCC_WARN_ABOUT_RETURN_TYPE = YES_ERROR;
				GCC_WARN_UNDECLARED_SELECTOR = YES;
				GCC_WARN_UNINITIALIZED_AUTOS = YES_AGGRESSIVE;
				GCC_WARN_UNUSED_FUNCTION = YES;
				GCC_WARN_UNUSED_VARIABLE = YES;
				IPHONEOS_DEPLOYMENT_TARGET = 17.5;
				LOCALIZATION_PREFERS_STRING_CATALOGS = YES;
				MTL_ENABLE_DEBUG_INFO = NO;
				MTL_FAST_MATH = YES;
				SDKROOT = iphoneos;
				SWIFT_COMPILATION_MODE = wholemodule;
				VALIDATE_PRODUCT = YES;
			};
			name = Release;
		};
		8ECA6E092C857942009CDFAA /* Debug */ = {
			isa = XCBuildConfiguration;
			buildSettings = {
				ASSETCATALOG_COMPILER_APPICON_NAME = AppIcon;
				ASSETCATALOG_COMPILER_GLOBAL_ACCENT_COLOR_NAME = AccentColor;
				CODE_SIGN_STYLE = Automatic;
				CURRENT_PROJECT_VERSION = 1;
				DEVELOPMENT_ASSET_PATHS = "\"SwiftUIPractice/Preview Content\"";
				DEVELOPMENT_TEAM = FPYJAG45SA;
				ENABLE_PREVIEWS = YES;
				GENERATE_INFOPLIST_FILE = YES;
				INFOPLIST_KEY_UIApplicationSceneManifest_Generation = YES;
				INFOPLIST_KEY_UIApplicationSupportsIndirectInputEvents = YES;
				INFOPLIST_KEY_UILaunchScreen_Generation = YES;
				INFOPLIST_KEY_UISupportedInterfaceOrientations_iPad = "UIInterfaceOrientationPortrait UIInterfaceOrientationPortraitUpsideDown UIInterfaceOrientationLandscapeLeft UIInterfaceOrientationLandscapeRight";
				INFOPLIST_KEY_UISupportedInterfaceOrientations_iPhone = "UIInterfaceOrientationPortrait UIInterfaceOrientationLandscapeLeft UIInterfaceOrientationLandscapeRight";
				LD_RUNPATH_SEARCH_PATHS = (
					"$(inherited)",
					"@executable_path/Frameworks",
				);
				MARKETING_VERSION = 1.0;
				PRODUCT_BUNDLE_IDENTIFIER = com.saengle.SwiftUIPractice;
				PRODUCT_NAME = "$(TARGET_NAME)";
				SWIFT_EMIT_LOC_STRINGS = YES;
				SWIFT_VERSION = 5.0;
				TARGETED_DEVICE_FAMILY = "1,2";
			};
			name = Debug;
		};
		8ECA6E0A2C857942009CDFAA /* Release */ = {
			isa = XCBuildConfiguration;
			buildSettings = {
				ASSETCATALOG_COMPILER_APPICON_NAME = AppIcon;
				ASSETCATALOG_COMPILER_GLOBAL_ACCENT_COLOR_NAME = AccentColor;
				CODE_SIGN_STYLE = Automatic;
				CURRENT_PROJECT_VERSION = 1;
				DEVELOPMENT_ASSET_PATHS = "\"SwiftUIPractice/Preview Content\"";
				DEVELOPMENT_TEAM = FPYJAG45SA;
				ENABLE_PREVIEWS = YES;
				GENERATE_INFOPLIST_FILE = YES;
				INFOPLIST_KEY_UIApplicationSceneManifest_Generation = YES;
				INFOPLIST_KEY_UIApplicationSupportsIndirectInputEvents = YES;
				INFOPLIST_KEY_UILaunchScreen_Generation = YES;
				INFOPLIST_KEY_UISupportedInterfaceOrientations_iPad = "UIInterfaceOrientationPortrait UIInterfaceOrientationPortraitUpsideDown UIInterfaceOrientationLandscapeLeft UIInterfaceOrientationLandscapeRight";
				INFOPLIST_KEY_UISupportedInterfaceOrientations_iPhone = "UIInterfaceOrientationPortrait UIInterfaceOrientationLandscapeLeft UIInterfaceOrientationLandscapeRight";
				LD_RUNPATH_SEARCH_PATHS = (
					"$(inherited)",
					"@executable_path/Frameworks",
				);
				MARKETING_VERSION = 1.0;
				PRODUCT_BUNDLE_IDENTIFIER = com.saengle.SwiftUIPractice;
				PRODUCT_NAME = "$(TARGET_NAME)";
				SWIFT_EMIT_LOC_STRINGS = YES;
				SWIFT_VERSION = 5.0;
				TARGETED_DEVICE_FAMILY = "1,2";
			};
			name = Release;
		};
/* End XCBuildConfiguration section */

/* Begin XCConfigurationList section */
		8ECA6DF52C85793F009CDFAA /* Build configuration list for PBXProject "SwiftUIPractice" */ = {
			isa = XCConfigurationList;
			buildConfigurations = (
				8ECA6E062C857942009CDFAA /* Debug */,
				8ECA6E072C857942009CDFAA /* Release */,
			);
			defaultConfigurationIsVisible = 0;
			defaultConfigurationName = Release;
		};
		8ECA6E082C857942009CDFAA /* Build configuration list for PBXNativeTarget "SwiftUIPractice" */ = {
			isa = XCConfigurationList;
			buildConfigurations = (
				8ECA6E092C857942009CDFAA /* Debug */,
				8ECA6E0A2C857942009CDFAA /* Release */,
			);
			defaultConfigurationIsVisible = 0;
			defaultConfigurationName = Release;
		};
/* End XCConfigurationList section */
	};
	rootObject = 8ECA6DF22C85793F009CDFAA /* Project object */;
}
